
Microsoft Visual Studio Solution File, Format Version 12.00
# Visual Studio Version 16
VisualStudioVersion = 16.0.30320.27
MinimumVisualStudioVersion = 10.0.40219.1
Project("{FAE04EC0-301F-11D3-BF4B-00C04F79EFBC}") = "Derivative", "Derivative.csproj", "{8658D82C-9DFD-4BD7-A583-6602AEA2B30D}"
EndProject
Global
	GlobalSection(SolutionConfigurationPlatforms) = preSolution
		Debug|Any CPU = Debug|Any CPU
		Release|Any CPU = Release|Any CPU
	EndGlobalSection
	GlobalSection(ProjectConfigurationPlatforms) = postSolution
		{8658D82C-9DFD-4BD7-A583-6602AEA2B30D}.Debug|Any CPU.ActiveCfg = Debug|Any CPU
		{8658D82C-9DFD-4BD7-A583-6602AEA2B30D}.Debug|Any CPU.Build.0 = Debug|Any CPU
		{8658D82C-9DFD-4BD7-A583-6602AEA2B30D}.Release|Any CPU.ActiveCfg = Release|Any CPU
		{8658D82C-9DFD-4BD7-A583-6602AEA2B30D}.Release|Any CPU.Build.0 = Release|Any CPU
	EndGlobalSection
	GlobalSection(SolutionProperties) = preSolution
		HideSolutionNode = FALSE
	EndGlobalSection
	GlobalSection(ExtensibilityGlobals) = postSolution
		SolutionGuid = {1B09DAB6-9B63-4BED-A0A0-080B4BAB2509}
	EndGlobalSection
EndGlobal
